{
    "version": 3,
    "terraform_version": "0.7.11",
    "serial": 23,
    "lineage": "5784d93d-03df-4ef8-b5ab-f314f4bb49bf",
    "modules": [
        {
            "path": [
                "root"
            ],
            "outputs": {
                "bench_test_private_ip": {
                    "sensitive": false,
                    "type": "string",
                    "value": ""
                },
                "binlog_drainer_private_ip": {
                    "sensitive": false,
                    "type": "string",
                    "value": "10.0.3.191"
                },
                "binlog_pump_private_ip": {
                    "sensitive": false,
                    "type": "string",
                    "value": "10.0.3.250,10.0.3.177,10.0.3.153,10.0.3.52,10.0.3.213,10.0.3.87,10.0.3.105,10.0.3.197,10.0.3.162,10.0.3.104"
                },
                "jenkins_master_private_ip": {
                    "sensitive": false,
                    "type": "string",
                    "value": "10.0.2.167"
                },
                "jenkins_node_private_ip": {
                    "sensitive": false,
                    "type": "string",
                    "value": "10.0.2.57,10.0.2.25,10.0.2.207,10.0.2.100"
                },
                "nginx_eip": {
                    "sensitive": false,
                    "type": "string",
                    "value": "54.223.151.5"
                },
                "nginx_private_ip": {
                    "sensitive": false,
                    "type": "string",
                    "value": "10.0.0.10"
                },
                "prometheus_private_ip": {
                    "sensitive": false,
                    "type": "string",
                    "value": "10.0.1.10"
                },
                "stability_pd_private_ip": {
                    "sensitive": false,
                    "type": "string",
                    "value": "10.0.1.12,10.0.1.170,10.0.1.199"
                },
                "stability_tidb_private_ip": {
                    "sensitive": false,
                    "type": "string",
                    "value": "10.0.1.174"
                },
                "stability_tikv_private_ip": {
                    "sensitive": false,
                    "type": "string",
                    "value": "10.0.1.191,10.0.1.88,10.0.1.156,10.0.1.192,10.0.1.208,10.0.1.249,10.0.1.157,10.0.1.159,10.0.1.215,10.0.1.137,10.0.1.116,10.0.1.85,10.0.1.228,10.0.1.50,10.0.1.247"
                }
            },
            "resources": {
                "aws_eip.nginx": {
                    "type": "aws_eip",
                    "depends_on": [
                        "aws_instance.nginx"
                    ],
                    "primary": {
                        "id": "eipalloc-0170183b",
                        "attributes": {
                            "associate_with_private_ip": "10.0.0.10",
                            "association_id": "eipassoc-50b84f6d",
                            "domain": "vpc",
                            "id": "eipalloc-0170183b",
                            "instance": "i-ee1a18d6",
                            "network_interface": "eni-11e9e248",
                            "private_ip": "10.0.0.10",
                            "public_ip": "54.223.151.5",
                            "vpc": "true"
                        },
                        "meta": {},
                        "tainted": false
                    },
                    "deposed": [],
                    "provider": ""
                },
                "aws_instance.binlog_drainer": {
                    "type": "aws_instance",
                    "depends_on": [
                        "aws_security_group.base",
                        "aws_security_group.binlog",
                        "aws_security_group.pd",
                        "aws_security_group.tidb",
                        "aws_security_group.tikv"
                    ],
                    "primary": {
                        "id": "i-6ef3f156",
                        "attributes": {
                            "ami": "ami-0220b23b",
                            "associate_public_ip_address": "false",
                            "availability_zone": "cn-north-1a",
                            "disable_api_termination": "false",
                            "ebs_block_device.#": "0",
                            "ebs_optimized": "false",
                            "ephemeral_block_device.#": "0",
                            "iam_instance_profile": "",
                            "id": "i-6ef3f156",
                            "instance_state": "running",
                            "instance_type": "m3.large",
                            "key_name": "pingcap-internal",
                            "monitoring": "false",
                            "network_interface_id": "eni-cdefe594",
                            "private_dns": "ip-10-0-3-191.cn-north-1.compute.internal",
                            "private_ip": "10.0.3.191",
                            "public_dns": "",
                            "public_ip": "",
                            "root_block_device.#": "1",
                            "root_block_device.0.delete_on_termination": "true",
                            "root_block_device.0.iops": "100",
                            "root_block_device.0.volume_size": "8",
                            "root_block_device.0.volume_type": "gp2",
                            "security_groups.#": "0",
                            "source_dest_check": "true",
                            "subnet_id": "subnet-8dba8ce8",
                            "tags.%": "2",
                            "tags.Creator": "dengshuan",
                            "tags.Name": "binlog-drainer-0",
                            "tenancy": "default",
                            "vpc_security_group_ids.#": "5",
                            "vpc_security_group_ids.1128573201": "sg-68e4060c",
                            "vpc_security_group_ids.3390966960": "sg-1f24c67b",
                            "vpc_security_group_ids.3472076492": "sg-1824c67c",
                            "vpc_security_group_ids.4141887707": "sg-1924c67d",
                            "vpc_security_group_ids.520054339": "sg-5a2ecc3e"
                        },
                        "meta": {
                            "schema_version": "1"
                        },
                        "tainted": false
                    },
                    "deposed": [],
                    "provider": ""
                },
                "aws_instance.binlog_pump.0": {
                    "type": "aws_instance",
                    "depends_on": [
                        "aws_security_group.base",
                        "aws_security_group.binlog"
                    ],
                    "primary": {
                        "id": "i-40f2f078",
                        "attributes": {
                            "ami": "ami-0220b23b",
                            "associate_public_ip_address": "false",
                            "availability_zone": "cn-north-1a",
                            "disable_api_termination": "false",
                            "ebs_block_device.#": "0",
                            "ebs_optimized": "false",
                            "ephemeral_block_device.#": "0",
                            "iam_instance_profile": "",
                            "id": "i-40f2f078",
                            "instance_state": "running",
                            "instance_type": "m3.medium",
                            "key_name": "pingcap-internal",
                            "monitoring": "false",
                            "network_interface_id": "eni-65eae03c",
                            "private_dns": "ip-10-0-3-250.cn-north-1.compute.internal",
                            "private_ip": "10.0.3.250",
                            "public_dns": "",
                            "public_ip": "",
                            "root_block_device.#": "1",
                            "root_block_device.0.delete_on_termination": "true",
                            "root_block_device.0.iops": "100",
                            "root_block_device.0.volume_size": "8",
                            "root_block_device.0.volume_type": "gp2",
                            "security_groups.#": "0",
                            "source_dest_check": "true",
                            "subnet_id": "subnet-8dba8ce8",
                            "tags.%": "2",
                            "tags.Creator": "dengshuan",
                            "tags.Name": "binlog-pump-0",
                            "tenancy": "default",
                            "vpc_security_group_ids.#": "2",
                            "vpc_security_group_ids.1128573201": "sg-68e4060c",
                            "vpc_security_group_ids.520054339": "sg-5a2ecc3e"
                        },
                        "meta": {
                            "schema_version": "1"
                        },
                        "tainted": false
                    },
                    "deposed": [],
                    "provider": ""
                },
                "aws_instance.binlog_pump.1": {
                    "type": "aws_instance",
                    "depends_on": [
                        "aws_security_group.base",
                        "aws_security_group.binlog"
                    ],
                    "primary": {
                        "id": "i-08f3f130",
                        "attributes": {
                            "ami": "ami-0220b23b",
                            "associate_public_ip_address": "false",
                            "availability_zone": "cn-north-1a",
                            "disable_api_termination": "false",
                            "ebs_block_device.#": "0",
                            "ebs_optimized": "false",
                            "ephemeral_block_device.#": "0",
                            "iam_instance_profile": "",
                            "id": "i-08f3f130",
                            "instance_state": "running",
                            "instance_type": "m3.medium",
                            "key_name": "pingcap-internal",
                            "monitoring": "false",
                            "network_interface_id": "eni-84eee4dd",
                            "private_dns": "ip-10-0-3-177.cn-north-1.compute.internal",
                            "private_ip": "10.0.3.177",
                            "public_dns": "",
                            "public_ip": "",
                            "root_block_device.#": "1",
                            "root_block_device.0.delete_on_termination": "true",
                            "root_block_device.0.iops": "100",
                            "root_block_device.0.volume_size": "8",
                            "root_block_device.0.volume_type": "gp2",
                            "security_groups.#": "0",
                            "source_dest_check": "true",
                            "subnet_id": "subnet-8dba8ce8",
                            "tags.%": "2",
                            "tags.Creator": "dengshuan",
                            "tags.Name": "binlog-pump-1",
                            "tenancy": "default",
                            "vpc_security_group_ids.#": "2",
                            "vpc_security_group_ids.1128573201": "sg-68e4060c",
                            "vpc_security_group_ids.520054339": "sg-5a2ecc3e"
                        },
                        "meta": {
                            "schema_version": "1"
                        },
                        "tainted": false
                    },
                    "deposed": [],
                    "provider": ""
                },
                "aws_instance.binlog_pump.2": {
                    "type": "aws_instance",
                    "depends_on": [
                        "aws_security_group.base",
                        "aws_security_group.binlog"
                    ],
                    "primary": {
                        "id": "i-6af3f152",
                        "attributes": {
                            "ami": "ami-0220b23b",
                            "associate_public_ip_address": "false",
                            "availability_zone": "cn-north-1a",
                            "disable_api_termination": "false",
                            "ebs_block_device.#": "0",
                            "ebs_optimized": "false",
                            "ephemeral_block_device.#": "0",
                            "iam_instance_profile": "",
                            "id": "i-6af3f152",
                            "instance_state": "running",
                            "instance_type": "m3.medium",
                            "key_name": "pingcap-internal",
                            "monitoring": "false",
                            "network_interface_id": "eni-6eece637",
                            "private_dns": "ip-10-0-3-153.cn-north-1.compute.internal",
                            "private_ip": "10.0.3.153",
                            "public_dns": "",
                            "public_ip": "",
                            "root_block_device.#": "1",
                            "root_block_device.0.delete_on_termination": "true",
                            "root_block_device.0.iops": "100",
                            "root_block_device.0.volume_size": "8",
                            "root_block_device.0.volume_type": "gp2",
                            "security_groups.#": "0",
                            "source_dest_check": "true",
                            "subnet_id": "subnet-8dba8ce8",
                            "tags.%": "2",
                            "tags.Creator": "dengshuan",
                            "tags.Name": "binlog-pump-2",
                            "tenancy": "default",
                            "vpc_security_group_ids.#": "2",
                            "vpc_security_group_ids.1128573201": "sg-68e4060c",
                            "vpc_security_group_ids.520054339": "sg-5a2ecc3e"
                        },
                        "meta": {
                            "schema_version": "1"
                        },
                        "tainted": false
                    },
                    "deposed": [],
                    "provider": ""
                },
                "aws_instance.binlog_pump.3": {
                    "type": "aws_instance",
                    "depends_on": [
                        "aws_security_group.base",
                        "aws_security_group.binlog"
                    ],
                    "primary": {
                        "id": "i-09f3f131",
                        "attributes": {
                            "ami": "ami-0220b23b",
                            "associate_public_ip_address": "false",
                            "availability_zone": "cn-north-1a",
                            "disable_api_termination": "false",
                            "ebs_block_device.#": "0",
                            "ebs_optimized": "false",
                            "ephemeral_block_device.#": "0",
                            "iam_instance_profile": "",
                            "id": "i-09f3f131",
                            "instance_state": "running",
                            "instance_type": "m3.medium",
                            "key_name": "pingcap-internal",
                            "monitoring": "false",
                            "network_interface_id": "eni-71efe528",
                            "private_dns": "ip-10-0-3-52.cn-north-1.compute.internal",
                            "private_ip": "10.0.3.52",
                            "public_dns": "",
                            "public_ip": "",
                            "root_block_device.#": "1",
                            "root_block_device.0.delete_on_termination": "true",
                            "root_block_device.0.iops": "100",
                            "root_block_device.0.volume_size": "8",
                            "root_block_device.0.volume_type": "gp2",
                            "security_groups.#": "0",
                            "source_dest_check": "true",
                            "subnet_id": "subnet-8dba8ce8",
                            "tags.%": "2",
                            "tags.Creator": "dengshuan",
                            "tags.Name": "binlog-pump-3",
                            "tenancy": "default",
                            "vpc_security_group_ids.#": "2",
                            "vpc_security_group_ids.1128573201": "sg-68e4060c",
                            "vpc_security_group_ids.520054339": "sg-5a2ecc3e"
                        },
                        "meta": {
                            "schema_version": "1"
                        },
                        "tainted": false
                    },
                    "deposed": [],
                    "provider": ""
                },
                "aws_instance.binlog_pump.4": {
                    "type": "aws_instance",
                    "depends_on": [
                        "aws_security_group.base",
                        "aws_security_group.binlog"
                    ],
                    "primary": {
                        "id": "i-42f2f07a",
                        "attributes": {
                            "ami": "ami-0220b23b",
                            "associate_public_ip_address": "false",
                            "availability_zone": "cn-north-1a",
                            "disable_api_termination": "false",
                            "ebs_block_device.#": "0",
                            "ebs_optimized": "false",
                            "ephemeral_block_device.#": "0",
                            "iam_instance_profile": "",
                            "id": "i-42f2f07a",
                            "instance_state": "running",
                            "instance_type": "m3.medium",
                            "key_name": "pingcap-internal",
                            "monitoring": "false",
                            "network_interface_id": "eni-7eefe527",
                            "private_dns": "ip-10-0-3-213.cn-north-1.compute.internal",
                            "private_ip": "10.0.3.213",
                            "public_dns": "",
                            "public_ip": "",
                            "root_block_device.#": "1",
                            "root_block_device.0.delete_on_termination": "true",
                            "root_block_device.0.iops": "100",
                            "root_block_device.0.volume_size": "8",
                            "root_block_device.0.volume_type": "gp2",
                            "security_groups.#": "0",
                            "source_dest_check": "true",
                            "subnet_id": "subnet-8dba8ce8",
                            "tags.%": "2",
                            "tags.Creator": "dengshuan",
                            "tags.Name": "binlog-pump-4",
                            "tenancy": "default",
                            "vpc_security_group_ids.#": "2",
                            "vpc_security_group_ids.1128573201": "sg-68e4060c",
                            "vpc_security_group_ids.520054339": "sg-5a2ecc3e"
                        },
                        "meta": {
                            "schema_version": "1"
                        },
                        "tainted": false
                    },
                    "deposed": [],
                    "provider": ""
                },
                "aws_instance.binlog_pump.5": {
                    "type": "aws_instance",
                    "depends_on": [
                        "aws_security_group.base",
                        "aws_security_group.binlog"
                    ],
                    "primary": {
                        "id": "i-5ff0f267",
                        "attributes": {
                            "ami": "ami-0220b23b",
                            "associate_public_ip_address": "false",
                            "availability_zone": "cn-north-1a",
                            "disable_api_termination": "false",
                            "ebs_block_device.#": "0",
                            "ebs_optimized": "false",
                            "ephemeral_block_device.#": "0",
                            "iam_instance_profile": "",
                            "id": "i-5ff0f267",
                            "instance_state": "running",
                            "instance_type": "m3.medium",
                            "key_name": "pingcap-internal",
                            "monitoring": "false",
                            "network_interface_id": "eni-64eae03d",
                            "private_dns": "ip-10-0-3-87.cn-north-1.compute.internal",
                            "private_ip": "10.0.3.87",
                            "public_dns": "",
                            "public_ip": "",
                            "root_block_device.#": "1",
                            "root_block_device.0.delete_on_termination": "true",
                            "root_block_device.0.iops": "100",
                            "root_block_device.0.volume_size": "8",
                            "root_block_device.0.volume_type": "gp2",
                            "security_groups.#": "0",
                            "source_dest_check": "true",
                            "subnet_id": "subnet-8dba8ce8",
                            "tags.%": "2",
                            "tags.Creator": "dengshuan",
                            "tags.Name": "binlog-pump-5",
                            "tenancy": "default",
                            "vpc_security_group_ids.#": "2",
                            "vpc_security_group_ids.1128573201": "sg-68e4060c",
                            "vpc_security_group_ids.520054339": "sg-5a2ecc3e"
                        },
                        "meta": {
                            "schema_version": "1"
                        },
                        "tainted": false
                    },
                    "deposed": [],
                    "provider": ""
                },
                "aws_instance.binlog_pump.6": {
                    "type": "aws_instance",
                    "depends_on": [
                        "aws_security_group.base",
                        "aws_security_group.binlog"
                    ],
                    "primary": {
                        "id": "i-6df3f155",
                        "attributes": {
                            "ami": "ami-0220b23b",
                            "associate_public_ip_address": "false",
                            "availability_zone": "cn-north-1a",
                            "disable_api_termination": "false",
                            "ebs_block_device.#": "0",
                            "ebs_optimized": "false",
                            "ephemeral_block_device.#": "0",
                            "iam_instance_profile": "",
                            "id": "i-6df3f155",
                            "instance_state": "running",
                            "instance_type": "m3.medium",
                            "key_name": "pingcap-internal",
                            "monitoring": "false",
                            "network_interface_id": "eni-ccefe595",
                            "private_dns": "ip-10-0-3-105.cn-north-1.compute.internal",
                            "private_ip": "10.0.3.105",
                            "public_dns": "",
                            "public_ip": "",
                            "root_block_device.#": "1",
                            "root_block_device.0.delete_on_termination": "true",
                            "root_block_device.0.iops": "100",
                            "root_block_device.0.volume_size": "8",
                            "root_block_device.0.volume_type": "gp2",
                            "security_groups.#": "0",
                            "source_dest_check": "true",
                            "subnet_id": "subnet-8dba8ce8",
                            "tags.%": "2",
                            "tags.Creator": "dengshuan",
                            "tags.Name": "binlog-pump-6",
                            "tenancy": "default",
                            "vpc_security_group_ids.#": "2",
                            "vpc_security_group_ids.1128573201": "sg-68e4060c",
                            "vpc_security_group_ids.520054339": "sg-5a2ecc3e"
                        },
                        "meta": {
                            "schema_version": "1"
                        },
                        "tainted": false
                    },
                    "deposed": [],
                    "provider": ""
                },
                "aws_instance.binlog_pump.7": {
                    "type": "aws_instance",
                    "depends_on": [
                        "aws_security_group.base",
                        "aws_security_group.binlog"
                    ],
                    "primary": {
                        "id": "i-6cf3f154",
                        "attributes": {
                            "ami": "ami-0220b23b",
                            "associate_public_ip_address": "false",
                            "availability_zone": "cn-north-1a",
                            "disable_api_termination": "false",
                            "ebs_block_device.#": "0",
                            "ebs_optimized": "false",
                            "ephemeral_block_device.#": "0",
                            "iam_instance_profile": "",
                            "id": "i-6cf3f154",
                            "instance_state": "running",
                            "instance_type": "m3.medium",
                            "key_name": "pingcap-internal",
                            "monitoring": "false",
                            "network_interface_id": "eni-ceefe597",
                            "private_dns": "ip-10-0-3-197.cn-north-1.compute.internal",
                            "private_ip": "10.0.3.197",
                            "public_dns": "",
                            "public_ip": "",
                            "root_block_device.#": "1",
                            "root_block_device.0.delete_on_termination": "true",
                            "root_block_device.0.iops": "100",
                            "root_block_device.0.volume_size": "8",
                            "root_block_device.0.volume_type": "gp2",
                            "security_groups.#": "0",
                            "source_dest_check": "true",
                            "subnet_id": "subnet-8dba8ce8",
                            "tags.%": "2",
                            "tags.Creator": "dengshuan",
                            "tags.Name": "binlog-pump-7",
                            "tenancy": "default",
                            "vpc_security_group_ids.#": "2",
                            "vpc_security_group_ids.1128573201": "sg-68e4060c",
                            "vpc_security_group_ids.520054339": "sg-5a2ecc3e"
                        },
                        "meta": {
                            "schema_version": "1"
                        },
                        "tainted": false
                    },
                    "deposed": [],
                    "provider": ""
                },
                "aws_instance.binlog_pump.8": {
                    "type": "aws_instance",
                    "depends_on": [
                        "aws_security_group.base",
                        "aws_security_group.binlog"
                    ],
                    "primary": {
                        "id": "i-43f2f07b",
                        "attributes": {
                            "ami": "ami-0220b23b",
                            "associate_public_ip_address": "false",
                            "availability_zone": "cn-north-1a",
                            "disable_api_termination": "false",
                            "ebs_block_device.#": "0",
                            "ebs_optimized": "false",
                            "ephemeral_block_device.#": "0",
                            "iam_instance_profile": "",
                            "id": "i-43f2f07b",
                            "instance_state": "running",
                            "instance_type": "m3.medium",
                            "key_name": "pingcap-internal",
                            "monitoring": "false",
                            "network_interface_id": "eni-cfefe596",
                            "private_dns": "ip-10-0-3-162.cn-north-1.compute.internal",
                            "private_ip": "10.0.3.162",
                            "public_dns": "",
                            "public_ip": "",
                            "root_block_device.#": "1",
                            "root_block_device.0.delete_on_termination": "true",
                            "root_block_device.0.iops": "100",
                            "root_block_device.0.volume_size": "8",
                            "root_block_device.0.volume_type": "gp2",
                            "security_groups.#": "0",
                            "source_dest_check": "true",
                            "subnet_id": "subnet-8dba8ce8",
                            "tags.%": "2",
                            "tags.Creator": "dengshuan",
                            "tags.Name": "binlog-pump-8",
                            "tenancy": "default",
                            "vpc_security_group_ids.#": "2",
                            "vpc_security_group_ids.1128573201": "sg-68e4060c",
                            "vpc_security_group_ids.520054339": "sg-5a2ecc3e"
                        },
                        "meta": {
                            "schema_version": "1"
                        },
                        "tainted": false
                    },
                    "deposed": [],
                    "provider": ""
                },
                "aws_instance.binlog_pump.9": {
                    "type": "aws_instance",
                    "depends_on": [
                        "aws_security_group.base",
                        "aws_security_group.binlog"
                    ],
                    "primary": {
                        "id": "i-6bf3f153",
                        "attributes": {
                            "ami": "ami-0220b23b",
                            "associate_public_ip_address": "false",
                            "availability_zone": "cn-north-1a",
                            "disable_api_termination": "false",
                            "ebs_block_device.#": "0",
                            "ebs_optimized": "false",
                            "ephemeral_block_device.#": "0",
                            "iam_instance_profile": "",
                            "id": "i-6bf3f153",
                            "instance_state": "running",
                            "instance_type": "m3.medium",
                            "key_name": "pingcap-internal",
                            "monitoring": "false",
                            "network_interface_id": "eni-85eee4dc",
                            "private_dns": "ip-10-0-3-104.cn-north-1.compute.internal",
                            "private_ip": "10.0.3.104",
                            "public_dns": "",
                            "public_ip": "",
                            "root_block_device.#": "1",
                            "root_block_device.0.delete_on_termination": "true",
                            "root_block_device.0.iops": "100",
                            "root_block_device.0.volume_size": "8",
                            "root_block_device.0.volume_type": "gp2",
                            "security_groups.#": "0",
                            "source_dest_check": "true",
                            "subnet_id": "subnet-8dba8ce8",
                            "tags.%": "2",
                            "tags.Creator": "dengshuan",
                            "tags.Name": "binlog-pump-9",
                            "tenancy": "default",
                            "vpc_security_group_ids.#": "2",
                            "vpc_security_group_ids.1128573201": "sg-68e4060c",
                            "vpc_security_group_ids.520054339": "sg-5a2ecc3e"
                        },
                        "meta": {
                            "schema_version": "1"
                        },
                        "tainted": false
                    },
                    "deposed": [],
                    "provider": ""
                },
                "aws_instance.jenkins_master": {
                    "type": "aws_instance",
                    "depends_on": [
                        "aws_security_group.base"
                    ],
                    "primary": {
                        "id": "i-0451686efb4ac3158",
                        "attributes": {
                            "ami": "ami-f052869d",
                            "associate_public_ip_address": "false",
                            "availability_zone": "cn-north-1a",
                            "disable_api_termination": "false",
                            "ebs_block_device.#": "0",
                            "ebs_optimized": "false",
                            "ephemeral_block_device.#": "0",
                            "iam_instance_profile": "",
                            "id": "i-0451686efb4ac3158",
                            "instance_state": "running",
                            "instance_type": "t2.xlarge",
                            "key_name": "pingcap-internal",
                            "monitoring": "false",
                            "network_interface_id": "eni-b7584eee",
                            "private_dns": "ip-10-0-2-167.cn-north-1.compute.internal",
                            "private_ip": "10.0.2.167",
                            "public_dns": "",
                            "public_ip": "",
                            "root_block_device.#": "1",
                            "root_block_device.0.delete_on_termination": "false",
                            "root_block_device.0.iops": "1500",
                            "root_block_device.0.volume_size": "500",
                            "root_block_device.0.volume_type": "gp2",
                            "security_groups.#": "0",
                            "source_dest_check": "true",
                            "subnet_id": "subnet-2fe7d14a",
                            "tags.%": "2",
                            "tags.Creator": "liuyin",
                            "tags.Name": "jenkins-master-0",
                            "tenancy": "default",
                            "vpc_security_group_ids.#": "1",
                            "vpc_security_group_ids.1128573201": "sg-68e4060c"
                        },
                        "meta": {
                            "schema_version": "1"
                        },
                        "tainted": false
                    },
                    "deposed": [],
                    "provider": ""
                },
                "aws_instance.jenkins_node.0": {
                    "type": "aws_instance",
                    "depends_on": [
                        "aws_security_group.base"
                    ],
                    "primary": {
                        "id": "i-010d0fbad0b8c0c85",
                        "attributes": {
                            "ami": "ami-f052869d",
                            "associate_public_ip_address": "false",
                            "availability_zone": "cn-north-1a",
                            "disable_api_termination": "false",
                            "ebs_block_device.#": "0",
                            "ebs_optimized": "false",
                            "ephemeral_block_device.#": "0",
                            "iam_instance_profile": "",
                            "id": "i-010d0fbad0b8c0c85",
                            "instance_state": "running",
                            "instance_type": "t2.xlarge",
                            "key_name": "pingcap-internal",
                            "monitoring": "false",
                            "network_interface_id": "eni-d15b4d88",
                            "private_dns": "ip-10-0-2-57.cn-north-1.compute.internal",
                            "private_ip": "10.0.2.57",
                            "public_dns": "",
                            "public_ip": "",
                            "root_block_device.#": "1",
                            "root_block_device.0.delete_on_termination": "true",
                            "root_block_device.0.iops": "300",
                            "root_block_device.0.volume_size": "100",
                            "root_block_device.0.volume_type": "gp2",
                            "security_groups.#": "0",
                            "source_dest_check": "true",
                            "subnet_id": "subnet-2fe7d14a",
                            "tags.%": "2",
                            "tags.Creator": "liuyin",
                            "tags.Name": "jenkins-node-0",
                            "tenancy": "default",
                            "vpc_security_group_ids.#": "1",
                            "vpc_security_group_ids.1128573201": "sg-68e4060c"
                        },
                        "meta": {
                            "schema_version": "1"
                        },
                        "tainted": false
                    },
                    "deposed": [],
                    "provider": ""
                },
                "aws_instance.jenkins_node.1": {
                    "type": "aws_instance",
                    "depends_on": [
                        "aws_security_group.base"
                    ],
                    "primary": {
                        "id": "i-0d24ae67c38b927e7",
                        "attributes": {
                            "ami": "ami-f052869d",
                            "associate_public_ip_address": "false",
                            "availability_zone": "cn-north-1a",
                            "disable_api_termination": "false",
                            "ebs_block_device.#": "0",
                            "ebs_optimized": "false",
                            "ephemeral_block_device.#": "0",
                            "iam_instance_profile": "",
                            "id": "i-0d24ae67c38b927e7",
                            "instance_state": "running",
                            "instance_type": "t2.xlarge",
                            "key_name": "pingcap-internal",
                            "monitoring": "false",
                            "network_interface_id": "eni-d05b4d89",
                            "private_dns": "ip-10-0-2-25.cn-north-1.compute.internal",
                            "private_ip": "10.0.2.25",
                            "public_dns": "",
                            "public_ip": "",
                            "root_block_device.#": "1",
                            "root_block_device.0.delete_on_termination": "true",
                            "root_block_device.0.iops": "300",
                            "root_block_device.0.volume_size": "100",
                            "root_block_device.0.volume_type": "gp2",
                            "security_groups.#": "0",
                            "source_dest_check": "true",
                            "subnet_id": "subnet-2fe7d14a",
                            "tags.%": "2",
                            "tags.Creator": "liuyin",
                            "tags.Name": "jenkins-node-1",
                            "tenancy": "default",
                            "vpc_security_group_ids.#": "1",
                            "vpc_security_group_ids.1128573201": "sg-68e4060c"
                        },
                        "meta": {
                            "schema_version": "1"
                        },
                        "tainted": false
                    },
                    "deposed": [],
                    "provider": ""
                },
                "aws_instance.jenkins_node.2": {
                    "type": "aws_instance",
                    "depends_on": [
                        "aws_security_group.base"
                    ],
                    "primary": {
                        "id": "i-04c047fdba04ad719",
                        "attributes": {
                            "ami": "ami-f052869d",
                            "associate_public_ip_address": "false",
                            "availability_zone": "cn-north-1a",
                            "disable_api_termination": "false",
                            "ebs_block_device.#": "0",
                            "ebs_optimized": "false",
                            "ephemeral_block_device.#": "0",
                            "iam_instance_profile": "",
                            "id": "i-04c047fdba04ad719",
                            "instance_state": "running",
                            "instance_type": "t2.xlarge",
                            "key_name": "pingcap-internal",
                            "monitoring": "false",
                            "network_interface_id": "eni-525a4c0b",
                            "private_dns": "ip-10-0-2-207.cn-north-1.compute.internal",
                            "private_ip": "10.0.2.207",
                            "public_dns": "",
                            "public_ip": "",
                            "root_block_device.#": "1",
                            "root_block_device.0.delete_on_termination": "true",
                            "root_block_device.0.iops": "300",
                            "root_block_device.0.volume_size": "100",
                            "root_block_device.0.volume_type": "gp2",
                            "security_groups.#": "0",
                            "source_dest_check": "true",
                            "subnet_id": "subnet-2fe7d14a",
                            "tags.%": "2",
                            "tags.Creator": "liuyin",
                            "tags.Name": "jenkins-node-2",
                            "tenancy": "default",
                            "vpc_security_group_ids.#": "1",
                            "vpc_security_group_ids.1128573201": "sg-68e4060c"
                        },
                        "meta": {
                            "schema_version": "1"
                        },
                        "tainted": false
                    },
                    "deposed": [],
                    "provider": ""
                },
                "aws_instance.jenkins_node.3": {
                    "type": "aws_instance",
                    "depends_on": [
                        "aws_security_group.base"
                    ],
                    "primary": {
                        "id": "i-09829c9ec4e3a68e6",
                        "attributes": {
                            "ami": "ami-f052869d",
                            "associate_public_ip_address": "false",
                            "availability_zone": "cn-north-1a",
                            "disable_api_termination": "false",
                            "ebs_block_device.#": "0",
                            "ebs_optimized": "false",
                            "ephemeral_block_device.#": "0",
                            "iam_instance_profile": "",
                            "id": "i-09829c9ec4e3a68e6",
                            "instance_state": "running",
                            "instance_type": "t2.xlarge",
                            "key_name": "pingcap-internal",
                            "monitoring": "false",
                            "network_interface_id": "eni-555a4c0c",
                            "private_dns": "ip-10-0-2-100.cn-north-1.compute.internal",
                            "private_ip": "10.0.2.100",
                            "public_dns": "",
                            "public_ip": "",
                            "root_block_device.#": "1",
                            "root_block_device.0.delete_on_termination": "true",
                            "root_block_device.0.iops": "300",
                            "root_block_device.0.volume_size": "100",
                            "root_block_device.0.volume_type": "gp2",
                            "security_groups.#": "0",
                            "source_dest_check": "true",
                            "subnet_id": "subnet-2fe7d14a",
                            "tags.%": "2",
                            "tags.Creator": "liuyin",
                            "tags.Name": "jenkins-node-3",
                            "tenancy": "default",
                            "vpc_security_group_ids.#": "1",
                            "vpc_security_group_ids.1128573201": "sg-68e4060c"
                        },
                        "meta": {
                            "schema_version": "1"
                        },
                        "tainted": false
                    },
                    "deposed": [],
                    "provider": ""
                },
                "aws_instance.nginx": {
                    "type": "aws_instance",
                    "depends_on": [
                        "aws_security_group.base",
                        "aws_security_group.nginx",
                        "aws_security_group.proxy"
                    ],
                    "primary": {
                        "id": "i-ee1a18d6",
                        "attributes": {
                            "ami": "ami-0220b23b",
                            "associate_public_ip_address": "true",
                            "availability_zone": "cn-north-1a",
                            "disable_api_termination": "false",
                            "ebs_block_device.#": "0",
                            "ebs_optimized": "false",
                            "ephemeral_block_device.#": "0",
                            "iam_instance_profile": "",
                            "id": "i-ee1a18d6",
                            "instance_state": "running",
                            "instance_type": "t2.small",
                            "key_name": "pingcap-internal",
                            "monitoring": "false",
                            "network_interface_id": "eni-11e9e248",
                            "private_dns": "ip-10-0-0-10.cn-north-1.compute.internal",
                            "private_ip": "10.0.0.10",
                            "public_dns": "ec2-54-223-151-5.cn-north-1.compute.amazonaws.com.cn",
                            "public_ip": "54.223.151.5",
                            "root_block_device.#": "1",
                            "root_block_device.0.delete_on_termination": "true",
                            "root_block_device.0.iops": "100",
                            "root_block_device.0.volume_size": "8",
                            "root_block_device.0.volume_type": "gp2",
                            "security_groups.#": "0",
                            "source_dest_check": "true",
                            "subnet_id": "subnet-4af1c72f",
                            "tags.%": "2",
                            "tags.Creator": "dengshuan",
                            "tags.Name": "NGINX-0",
                            "tenancy": "default",
                            "vpc_security_group_ids.#": "3",
                            "vpc_security_group_ids.1128573201": "sg-68e4060c",
                            "vpc_security_group_ids.2069313286": "sg-69e4060d",
                            "vpc_security_group_ids.647818616": "sg-b89c73dc"
                        },
                        "meta": {
                            "schema_version": "1"
                        },
                        "tainted": false
                    },
                    "deposed": [],
                    "provider": ""
                },
                "aws_instance.prometheus": {
                    "type": "aws_instance",
                    "depends_on": [
                        "aws_security_group.base",
                        "aws_security_group.prometheus"
                    ],
                    "primary": {
                        "id": "i-ba1c1e82",
                        "attributes": {
                            "ami": "ami-28469245",
                            "associate_public_ip_address": "false",
                            "availability_zone": "cn-north-1a",
                            "disable_api_termination": "false",
                            "ebs_block_device.#": "0",
                            "ebs_optimized": "false",
                            "ephemeral_block_device.#": "0",
                            "iam_instance_profile": "",
                            "id": "i-ba1c1e82",
                            "instance_state": "running",
                            "instance_type": "t2.xlarge",
                            "key_name": "pingcap-internal",
                            "monitoring": "false",
                            "network_interface_id": "eni-3cf2f965",
                            "private_dns": "ip-10-0-1-10.cn-north-1.compute.internal",
                            "private_ip": "10.0.1.10",
                            "public_dns": "",
                            "public_ip": "",
                            "root_block_device.#": "1",
                            "root_block_device.0.delete_on_termination": "true",
                            "root_block_device.0.iops": "100",
                            "root_block_device.0.volume_size": "8",
                            "root_block_device.0.volume_type": "gp2",
                            "security_groups.#": "0",
                            "source_dest_check": "true",
                            "subnet_id": "subnet-4bf1c72e",
                            "tags.%": "2",
                            "tags.Creator": "dengshuan",
                            "tags.Name": "PROMETHEUS-0",
                            "tenancy": "default",
                            "vpc_security_group_ids.#": "2",
                            "vpc_security_group_ids.1128573201": "sg-68e4060c",
                            "vpc_security_group_ids.183335632": "sg-cbe406af"
                        },
                        "meta": {
                            "schema_version": "1"
                        },
                        "tainted": false
                    },
                    "deposed": [],
                    "provider": ""
                },
                "aws_instance.stability_pd.0": {
                    "type": "aws_instance",
                    "depends_on": [
                        "aws_security_group.base",
                        "aws_security_group.pd"
                    ],
                    "primary": {
                        "id": "i-0fefed37",
                        "attributes": {
                            "ami": "ami-fd528690",
                            "associate_public_ip_address": "false",
                            "availability_zone": "cn-north-1a",
                            "disable_api_termination": "false",
                            "ebs_block_device.#": "0",
                            "ebs_optimized": "false",
                            "ephemeral_block_device.#": "0",
                            "iam_instance_profile": "",
                            "id": "i-0fefed37",
                            "instance_state": "running",
                            "instance_type": "t2.micro",
                            "key_name": "pingcap-internal",
                            "monitoring": "false",
                            "network_interface_id": "eni-86d9d3df",
                            "private_dns": "ip-10-0-1-12.cn-north-1.compute.internal",
                            "private_ip": "10.0.1.12",
                            "public_dns": "",
                            "public_ip": "",
                            "root_block_device.#": "1",
                            "root_block_device.0.delete_on_termination": "true",
                            "root_block_device.0.iops": "100",
                            "root_block_device.0.volume_size": "8",
                            "root_block_device.0.volume_type": "gp2",
                            "security_groups.#": "0",
                            "source_dest_check": "true",
                            "subnet_id": "subnet-4bf1c72e",
                            "tags.%": "2",
                            "tags.Creator": "dengshuan",
                            "tags.Name": "stability-pd-0",
                            "tenancy": "default",
                            "vpc_security_group_ids.#": "2",
                            "vpc_security_group_ids.1128573201": "sg-68e4060c",
                            "vpc_security_group_ids.4141887707": "sg-1924c67d"
                        },
                        "meta": {
                            "schema_version": "1"
                        },
                        "tainted": false
                    },
                    "deposed": [],
                    "provider": ""
                },
                "aws_instance.stability_pd.1": {
                    "type": "aws_instance",
                    "depends_on": [
                        "aws_security_group.base",
                        "aws_security_group.pd"
                    ],
                    "primary": {
                        "id": "i-0eefed36",
                        "attributes": {
                            "ami": "ami-fd528690",
                            "associate_public_ip_address": "false",
                            "availability_zone": "cn-north-1a",
                            "disable_api_termination": "false",
                            "ebs_block_device.#": "0",
                            "ebs_optimized": "false",
                            "ephemeral_block_device.#": "0",
                            "iam_instance_profile": "",
                            "id": "i-0eefed36",
                            "instance_state": "running",
                            "instance_type": "t2.micro",
                            "key_name": "pingcap-internal",
                            "monitoring": "false",
                            "network_interface_id": "eni-87d9d3de",
                            "private_dns": "ip-10-0-1-170.cn-north-1.compute.internal",
                            "private_ip": "10.0.1.170",
                            "public_dns": "",
                            "public_ip": "",
                            "root_block_device.#": "1",
                            "root_block_device.0.delete_on_termination": "true",
                            "root_block_device.0.iops": "100",
                            "root_block_device.0.volume_size": "8",
                            "root_block_device.0.volume_type": "gp2",
                            "security_groups.#": "0",
                            "source_dest_check": "true",
                            "subnet_id": "subnet-4bf1c72e",
                            "tags.%": "2",
                            "tags.Creator": "dengshuan",
                            "tags.Name": "stability-pd-1",
                            "tenancy": "default",
                            "vpc_security_group_ids.#": "2",
                            "vpc_security_group_ids.1128573201": "sg-68e4060c",
                            "vpc_security_group_ids.4141887707": "sg-1924c67d"
                        },
                        "meta": {
                            "schema_version": "1"
                        },
                        "tainted": false
                    },
                    "deposed": [],
                    "provider": ""
                },
                "aws_instance.stability_pd.2": {
                    "type": "aws_instance",
                    "depends_on": [
                        "aws_security_group.base",
                        "aws_security_group.pd"
                    ],
                    "primary": {
                        "id": "i-10efed28",
                        "attributes": {
                            "ami": "ami-fd528690",
                            "associate_public_ip_address": "false",
                            "availability_zone": "cn-north-1a",
                            "disable_api_termination": "false",
                            "ebs_block_device.#": "0",
                            "ebs_optimized": "false",
                            "ephemeral_block_device.#": "0",
                            "iam_instance_profile": "",
                            "id": "i-10efed28",
                            "instance_state": "running",
                            "instance_type": "t2.micro",
                            "key_name": "pingcap-internal",
                            "monitoring": "false",
                            "network_interface_id": "eni-65dbd13c",
                            "private_dns": "ip-10-0-1-199.cn-north-1.compute.internal",
                            "private_ip": "10.0.1.199",
                            "public_dns": "",
                            "public_ip": "",
                            "root_block_device.#": "1",
                            "root_block_device.0.delete_on_termination": "true",
                            "root_block_device.0.iops": "100",
                            "root_block_device.0.volume_size": "8",
                            "root_block_device.0.volume_type": "gp2",
                            "security_groups.#": "0",
                            "source_dest_check": "true",
                            "subnet_id": "subnet-4bf1c72e",
                            "tags.%": "2",
                            "tags.Creator": "dengshuan",
                            "tags.Name": "stability-pd-2",
                            "tenancy": "default",
                            "vpc_security_group_ids.#": "2",
                            "vpc_security_group_ids.1128573201": "sg-68e4060c",
                            "vpc_security_group_ids.4141887707": "sg-1924c67d"
                        },
                        "meta": {
                            "schema_version": "1"
                        },
                        "tainted": false
                    },
                    "deposed": [],
                    "provider": ""
                },
                "aws_instance.stability_tidb": {
                    "type": "aws_instance",
                    "depends_on": [
                        "aws_security_group.base",
                        "aws_security_group.tidb"
                    ],
                    "primary": {
                        "id": "i-95eeecad",
                        "attributes": {
                            "ami": "ami-fd528690",
                            "associate_public_ip_address": "false",
                            "availability_zone": "cn-north-1a",
                            "disable_api_termination": "false",
                            "ebs_block_device.#": "0",
                            "ebs_optimized": "false",
                            "ephemeral_block_device.#": "0",
                            "iam_instance_profile": "",
                            "id": "i-95eeecad",
                            "instance_state": "running",
                            "instance_type": "t2.micro",
                            "key_name": "pingcap-internal",
                            "monitoring": "false",
                            "network_interface_id": "eni-1bded442",
                            "private_dns": "ip-10-0-1-174.cn-north-1.compute.internal",
                            "private_ip": "10.0.1.174",
                            "public_dns": "",
                            "public_ip": "",
                            "root_block_device.#": "1",
                            "root_block_device.0.delete_on_termination": "true",
                            "root_block_device.0.iops": "100",
                            "root_block_device.0.volume_size": "8",
                            "root_block_device.0.volume_type": "gp2",
                            "security_groups.#": "0",
                            "source_dest_check": "true",
                            "subnet_id": "subnet-4bf1c72e",
                            "tags.%": "2",
                            "tags.Creator": "dengshuan",
                            "tags.Name": "stability-tidb-0",
                            "tenancy": "default",
                            "vpc_security_group_ids.#": "2",
                            "vpc_security_group_ids.1128573201": "sg-68e4060c",
                            "vpc_security_group_ids.3390966960": "sg-1f24c67b"
                        },
                        "meta": {
                            "schema_version": "1"
                        },
                        "tainted": false
                    },
                    "deposed": [],
                    "provider": ""
                },
                "aws_instance.stability_tikv.0": {
                    "type": "aws_instance",
                    "depends_on": [
                        "aws_security_group.base",
                        "aws_security_group.tikv"
                    ],
                    "primary": {
                        "id": "i-18eeec20",
                        "attributes": {
                            "ami": "ami-fd528690",
                            "associate_public_ip_address": "false",
                            "availability_zone": "cn-north-1a",
                            "disable_api_termination": "false",
                            "ebs_block_device.#": "0",
                            "ebs_optimized": "false",
                            "ephemeral_block_device.#": "0",
                            "iam_instance_profile": "",
                            "id": "i-18eeec20",
                            "instance_state": "running",
                            "instance_type": "t2.micro",
                            "key_name": "pingcap-internal",
                            "monitoring": "false",
                            "network_interface_id": "eni-d2dcd68b",
                            "private_dns": "ip-10-0-1-191.cn-north-1.compute.internal",
                            "private_ip": "10.0.1.191",
                            "public_dns": "",
                            "public_ip": "",
                            "root_block_device.#": "1",
                            "root_block_device.0.delete_on_termination": "true",
                            "root_block_device.0.iops": "100",
                            "root_block_device.0.volume_size": "8",
                            "root_block_device.0.volume_type": "gp2",
                            "security_groups.#": "0",
                            "source_dest_check": "true",
                            "subnet_id": "subnet-4bf1c72e",
                            "tags.%": "2",
                            "tags.Creator": "dengshuan",
                            "tags.Name": "stability-tikv-0",
                            "tenancy": "default",
                            "vpc_security_group_ids.#": "2",
                            "vpc_security_group_ids.1128573201": "sg-68e4060c",
                            "vpc_security_group_ids.3472076492": "sg-1824c67c"
                        },
                        "meta": {
                            "schema_version": "1"
                        },
                        "tainted": false
                    },
                    "deposed": [],
                    "provider": ""
                },
                "aws_instance.stability_tikv.1": {
                    "type": "aws_instance",
                    "depends_on": [
                        "aws_security_group.base",
                        "aws_security_group.tikv"
                    ],
                    "primary": {
                        "id": "i-16eeec2e",
                        "attributes": {
                            "ami": "ami-fd528690",
                            "associate_public_ip_address": "false",
                            "availability_zone": "cn-north-1a",
                            "disable_api_termination": "false",
                            "ebs_block_device.#": "0",
                            "ebs_optimized": "false",
                            "ephemeral_block_device.#": "0",
                            "iam_instance_profile": "",
                            "id": "i-16eeec2e",
                            "instance_state": "running",
                            "instance_type": "t2.micro",
                            "key_name": "pingcap-internal",
                            "monitoring": "false",
                            "network_interface_id": "eni-bfd9d3e6",
                            "private_dns": "ip-10-0-1-88.cn-north-1.compute.internal",
                            "private_ip": "10.0.1.88",
                            "public_dns": "",
                            "public_ip": "",
                            "root_block_device.#": "1",
                            "root_block_device.0.delete_on_termination": "true",
                            "root_block_device.0.iops": "100",
                            "root_block_device.0.volume_size": "8",
                            "root_block_device.0.volume_type": "gp2",
                            "security_groups.#": "0",
                            "source_dest_check": "true",
                            "subnet_id": "subnet-4bf1c72e",
                            "tags.%": "2",
                            "tags.Creator": "dengshuan",
                            "tags.Name": "stability-tikv-1",
                            "tenancy": "default",
                            "vpc_security_group_ids.#": "2",
                            "vpc_security_group_ids.1128573201": "sg-68e4060c",
                            "vpc_security_group_ids.3472076492": "sg-1824c67c"
                        },
                        "meta": {
                            "schema_version": "1"
                        },
                        "tainted": false
                    },
                    "deposed": [],
                    "provider": ""
                },
                "aws_instance.stability_tikv.10": {
                    "type": "aws_instance",
                    "depends_on": [
                        "aws_security_group.base",
                        "aws_security_group.tikv"
                    ],
                    "primary": {
                        "id": "i-95efedad",
                        "attributes": {
                            "ami": "ami-fd528690",
                            "associate_public_ip_address": "false",
                            "availability_zone": "cn-north-1a",
                            "disable_api_termination": "false",
                            "ebs_block_device.#": "0",
                            "ebs_optimized": "false",
                            "ephemeral_block_device.#": "0",
                            "iam_instance_profile": "",
                            "id": "i-95efedad",
                            "instance_state": "running",
                            "instance_type": "t2.micro",
                            "key_name": "pingcap-internal",
                            "monitoring": "false",
                            "network_interface_id": "eni-e5dfd5bc",
                            "private_dns": "ip-10-0-1-116.cn-north-1.compute.internal",
                            "private_ip": "10.0.1.116",
                            "public_dns": "",
                            "public_ip": "",
                            "root_block_device.#": "1",
                            "root_block_device.0.delete_on_termination": "true",
                            "root_block_device.0.iops": "100",
                            "root_block_device.0.volume_size": "8",
                            "root_block_device.0.volume_type": "gp2",
                            "security_groups.#": "0",
                            "source_dest_check": "true",
                            "subnet_id": "subnet-4bf1c72e",
                            "tags.%": "2",
                            "tags.Creator": "dengshuan",
                            "tags.Name": "stability-tikv-10",
                            "tenancy": "default",
                            "vpc_security_group_ids.#": "2",
                            "vpc_security_group_ids.1128573201": "sg-68e4060c",
                            "vpc_security_group_ids.3472076492": "sg-1824c67c"
                        },
                        "meta": {
                            "schema_version": "1"
                        },
                        "tainted": false
                    },
                    "deposed": [],
                    "provider": ""
                },
                "aws_instance.stability_tikv.11": {
                    "type": "aws_instance",
                    "depends_on": [
                        "aws_security_group.base",
                        "aws_security_group.tikv"
                    ],
                    "primary": {
                        "id": "i-0aefed32",
                        "attributes": {
                            "ami": "ami-fd528690",
                            "associate_public_ip_address": "false",
                            "availability_zone": "cn-north-1a",
                            "disable_api_termination": "false",
                            "ebs_block_device.#": "0",
                            "ebs_optimized": "false",
                            "ephemeral_block_device.#": "0",
                            "iam_instance_profile": "",
                            "id": "i-0aefed32",
                            "instance_state": "running",
                            "instance_type": "t2.micro",
                            "key_name": "pingcap-internal",
                            "monitoring": "false",
                            "network_interface_id": "eni-6addd733",
                            "private_dns": "ip-10-0-1-85.cn-north-1.compute.internal",
                            "private_ip": "10.0.1.85",
                            "public_dns": "",
                            "public_ip": "",
                            "root_block_device.#": "1",
                            "root_block_device.0.delete_on_termination": "true",
                            "root_block_device.0.iops": "100",
                            "root_block_device.0.volume_size": "8",
                            "root_block_device.0.volume_type": "gp2",
                            "security_groups.#": "0",
                            "source_dest_check": "true",
                            "subnet_id": "subnet-4bf1c72e",
                            "tags.%": "2",
                            "tags.Creator": "dengshuan",
                            "tags.Name": "stability-tikv-11",
                            "tenancy": "default",
                            "vpc_security_group_ids.#": "2",
                            "vpc_security_group_ids.1128573201": "sg-68e4060c",
                            "vpc_security_group_ids.3472076492": "sg-1824c67c"
                        },
                        "meta": {
                            "schema_version": "1"
                        },
                        "tainted": false
                    },
                    "deposed": [],
                    "provider": ""
                },
                "aws_instance.stability_tikv.12": {
                    "type": "aws_instance",
                    "depends_on": [
                        "aws_security_group.base",
                        "aws_security_group.tikv"
                    ],
                    "primary": {
                        "id": "i-1aeeec22",
                        "attributes": {
                            "ami": "ami-fd528690",
                            "associate_public_ip_address": "false",
                            "availability_zone": "cn-north-1a",
                            "disable_api_termination": "false",
                            "ebs_block_device.#": "0",
                            "ebs_optimized": "false",
                            "ephemeral_block_device.#": "0",
                            "iam_instance_profile": "",
                            "id": "i-1aeeec22",
                            "instance_state": "running",
                            "instance_type": "t2.micro",
                            "key_name": "pingcap-internal",
                            "monitoring": "false",
                            "network_interface_id": "eni-6bddd732",
                            "private_dns": "ip-10-0-1-228.cn-north-1.compute.internal",
                            "private_ip": "10.0.1.228",
                            "public_dns": "",
                            "public_ip": "",
                            "root_block_device.#": "1",
                            "root_block_device.0.delete_on_termination": "true",
                            "root_block_device.0.iops": "100",
                            "root_block_device.0.volume_size": "8",
                            "root_block_device.0.volume_type": "gp2",
                            "security_groups.#": "0",
                            "source_dest_check": "true",
                            "subnet_id": "subnet-4bf1c72e",
                            "tags.%": "2",
                            "tags.Creator": "dengshuan",
                            "tags.Name": "stability-tikv-12",
                            "tenancy": "default",
                            "vpc_security_group_ids.#": "2",
                            "vpc_security_group_ids.1128573201": "sg-68e4060c",
                            "vpc_security_group_ids.3472076492": "sg-1824c67c"
                        },
                        "meta": {
                            "schema_version": "1"
                        },
                        "tainted": false
                    },
                    "deposed": [],
                    "provider": ""
                },
                "aws_instance.stability_tikv.13": {
                    "type": "aws_instance",
                    "depends_on": [
                        "aws_security_group.base",
                        "aws_security_group.tikv"
                    ],
                    "primary": {
                        "id": "i-17eeec2f",
                        "attributes": {
                            "ami": "ami-fd528690",
                            "associate_public_ip_address": "false",
                            "availability_zone": "cn-north-1a",
                            "disable_api_termination": "false",
                            "ebs_block_device.#": "0",
                            "ebs_optimized": "false",
                            "ephemeral_block_device.#": "0",
                            "iam_instance_profile": "",
                            "id": "i-17eeec2f",
                            "instance_state": "running",
                            "instance_type": "t2.micro",
                            "key_name": "pingcap-internal",
                            "monitoring": "false",
                            "network_interface_id": "eni-c9dcd690",
                            "private_dns": "ip-10-0-1-50.cn-north-1.compute.internal",
                            "private_ip": "10.0.1.50",
                            "public_dns": "",
                            "public_ip": "",
                            "root_block_device.#": "1",
                            "root_block_device.0.delete_on_termination": "true",
                            "root_block_device.0.iops": "100",
                            "root_block_device.0.volume_size": "8",
                            "root_block_device.0.volume_type": "gp2",
                            "security_groups.#": "0",
                            "source_dest_check": "true",
                            "subnet_id": "subnet-4bf1c72e",
                            "tags.%": "2",
                            "tags.Creator": "dengshuan",
                            "tags.Name": "stability-tikv-13",
                            "tenancy": "default",
                            "vpc_security_group_ids.#": "2",
                            "vpc_security_group_ids.1128573201": "sg-68e4060c",
                            "vpc_security_group_ids.3472076492": "sg-1824c67c"
                        },
                        "meta": {
                            "schema_version": "1"
                        },
                        "tainted": false
                    },
                    "deposed": [],
                    "provider": ""
                },
                "aws_instance.stability_tikv.14": {
                    "type": "aws_instance",
                    "depends_on": [
                        "aws_security_group.base",
                        "aws_security_group.tikv"
                    ],
                    "primary": {
                        "id": "i-19eeec21",
                        "attributes": {
                            "ami": "ami-fd528690",
                            "associate_public_ip_address": "false",
                            "availability_zone": "cn-north-1a",
                            "disable_api_termination": "false",
                            "ebs_block_device.#": "0",
                            "ebs_optimized": "false",
                            "ephemeral_block_device.#": "0",
                            "iam_instance_profile": "",
                            "id": "i-19eeec21",
                            "instance_state": "running",
                            "instance_type": "t2.micro",
                            "key_name": "pingcap-internal",
                            "monitoring": "false",
                            "network_interface_id": "eni-68ddd731",
                            "private_dns": "ip-10-0-1-247.cn-north-1.compute.internal",
                            "private_ip": "10.0.1.247",
                            "public_dns": "",
                            "public_ip": "",
                            "root_block_device.#": "1",
                            "root_block_device.0.delete_on_termination": "true",
                            "root_block_device.0.iops": "100",
                            "root_block_device.0.volume_size": "8",
                            "root_block_device.0.volume_type": "gp2",
                            "security_groups.#": "0",
                            "source_dest_check": "true",
                            "subnet_id": "subnet-4bf1c72e",
                            "tags.%": "2",
                            "tags.Creator": "dengshuan",
                            "tags.Name": "stability-tikv-14",
                            "tenancy": "default",
                            "vpc_security_group_ids.#": "2",
                            "vpc_security_group_ids.1128573201": "sg-68e4060c",
                            "vpc_security_group_ids.3472076492": "sg-1824c67c"
                        },
                        "meta": {
                            "schema_version": "1"
                        },
                        "tainted": false
                    },
                    "deposed": [],
                    "provider": ""
                },
                "aws_instance.stability_tikv.2": {
                    "type": "aws_instance",
                    "depends_on": [
                        "aws_security_group.base",
                        "aws_security_group.tikv"
                    ],
                    "primary": {
                        "id": "i-08efed30",
                        "attributes": {
                            "ami": "ami-fd528690",
                            "associate_public_ip_address": "false",
                            "availability_zone": "cn-north-1a",
                            "disable_api_termination": "false",
                            "ebs_block_device.#": "0",
                            "ebs_optimized": "false",
                            "ephemeral_block_device.#": "0",
                            "iam_instance_profile": "",
                            "id": "i-08efed30",
                            "instance_state": "running",
                            "instance_type": "t2.micro",
                            "key_name": "pingcap-internal",
                            "monitoring": "false",
                            "network_interface_id": "eni-33d8d26a",
                            "private_dns": "ip-10-0-1-156.cn-north-1.compute.internal",
                            "private_ip": "10.0.1.156",
                            "public_dns": "",
                            "public_ip": "",
                            "root_block_device.#": "1",
                            "root_block_device.0.delete_on_termination": "true",
                            "root_block_device.0.iops": "100",
                            "root_block_device.0.volume_size": "8",
                            "root_block_device.0.volume_type": "gp2",
                            "security_groups.#": "0",
                            "source_dest_check": "true",
                            "subnet_id": "subnet-4bf1c72e",
                            "tags.%": "2",
                            "tags.Creator": "dengshuan",
                            "tags.Name": "stability-tikv-2",
                            "tenancy": "default",
                            "vpc_security_group_ids.#": "2",
                            "vpc_security_group_ids.1128573201": "sg-68e4060c",
                            "vpc_security_group_ids.3472076492": "sg-1824c67c"
                        },
                        "meta": {
                            "schema_version": "1"
                        },
                        "tainted": false
                    },
                    "deposed": [],
                    "provider": ""
                },
                "aws_instance.stability_tikv.3": {
                    "type": "aws_instance",
                    "depends_on": [
                        "aws_security_group.base",
                        "aws_security_group.tikv"
                    ],
                    "primary": {
                        "id": "i-94efedac",
                        "attributes": {
                            "ami": "ami-fd528690",
                            "associate_public_ip_address": "false",
                            "availability_zone": "cn-north-1a",
                            "disable_api_termination": "false",
                            "ebs_block_device.#": "0",
                            "ebs_optimized": "false",
                            "ephemeral_block_device.#": "0",
                            "iam_instance_profile": "",
                            "id": "i-94efedac",
                            "instance_state": "running",
                            "instance_type": "t2.micro",
                            "key_name": "pingcap-internal",
                            "monitoring": "false",
                            "network_interface_id": "eni-79dcd620",
                            "private_dns": "ip-10-0-1-192.cn-north-1.compute.internal",
                            "private_ip": "10.0.1.192",
                            "public_dns": "",
                            "public_ip": "",
                            "root_block_device.#": "1",
                            "root_block_device.0.delete_on_termination": "true",
                            "root_block_device.0.iops": "100",
                            "root_block_device.0.volume_size": "8",
                            "root_block_device.0.volume_type": "gp2",
                            "security_groups.#": "0",
                            "source_dest_check": "true",
                            "subnet_id": "subnet-4bf1c72e",
                            "tags.%": "2",
                            "tags.Creator": "dengshuan",
                            "tags.Name": "stability-tikv-3",
                            "tenancy": "default",
                            "vpc_security_group_ids.#": "2",
                            "vpc_security_group_ids.1128573201": "sg-68e4060c",
                            "vpc_security_group_ids.3472076492": "sg-1824c67c"
                        },
                        "meta": {
                            "schema_version": "1"
                        },
                        "tainted": false
                    },
                    "deposed": [],
                    "provider": ""
                },
                "aws_instance.stability_tikv.4": {
                    "type": "aws_instance",
                    "depends_on": [
                        "aws_security_group.base",
                        "aws_security_group.tikv"
                    ],
                    "primary": {
                        "id": "i-97efedaf",
                        "attributes": {
                            "ami": "ami-fd528690",
                            "associate_public_ip_address": "false",
                            "availability_zone": "cn-north-1a",
                            "disable_api_termination": "false",
                            "ebs_block_device.#": "0",
                            "ebs_optimized": "false",
                            "ephemeral_block_device.#": "0",
                            "iam_instance_profile": "",
                            "id": "i-97efedaf",
                            "instance_state": "running",
                            "instance_type": "t2.micro",
                            "key_name": "pingcap-internal",
                            "monitoring": "false",
                            "network_interface_id": "eni-18ded441",
                            "private_dns": "ip-10-0-1-208.cn-north-1.compute.internal",
                            "private_ip": "10.0.1.208",
                            "public_dns": "",
                            "public_ip": "",
                            "root_block_device.#": "1",
                            "root_block_device.0.delete_on_termination": "true",
                            "root_block_device.0.iops": "100",
                            "root_block_device.0.volume_size": "8",
                            "root_block_device.0.volume_type": "gp2",
                            "security_groups.#": "0",
                            "source_dest_check": "true",
                            "subnet_id": "subnet-4bf1c72e",
                            "tags.%": "2",
                            "tags.Creator": "dengshuan",
                            "tags.Name": "stability-tikv-4",
                            "tenancy": "default",
                            "vpc_security_group_ids.#": "2",
                            "vpc_security_group_ids.1128573201": "sg-68e4060c",
                            "vpc_security_group_ids.3472076492": "sg-1824c67c"
                        },
                        "meta": {
                            "schema_version": "1"
                        },
                        "tainted": false
                    },
                    "deposed": [],
                    "provider": ""
                },
                "aws_instance.stability_tikv.5": {
                    "type": "aws_instance",
                    "depends_on": [
                        "aws_security_group.base",
                        "aws_security_group.tikv"
                    ],
                    "primary": {
                        "id": "i-11efed29",
                        "attributes": {
                            "ami": "ami-fd528690",
                            "associate_public_ip_address": "false",
                            "availability_zone": "cn-north-1a",
                            "disable_api_termination": "false",
                            "ebs_block_device.#": "0",
                            "ebs_optimized": "false",
                            "ephemeral_block_device.#": "0",
                            "iam_instance_profile": "",
                            "id": "i-11efed29",
                            "instance_state": "running",
                            "instance_type": "t2.micro",
                            "key_name": "pingcap-internal",
                            "monitoring": "false",
                            "network_interface_id": "eni-4bdfd512",
                            "private_dns": "ip-10-0-1-249.cn-north-1.compute.internal",
                            "private_ip": "10.0.1.249",
                            "public_dns": "",
                            "public_ip": "",
                            "root_block_device.#": "1",
                            "root_block_device.0.delete_on_termination": "true",
                            "root_block_device.0.iops": "100",
                            "root_block_device.0.volume_size": "8",
                            "root_block_device.0.volume_type": "gp2",
                            "security_groups.#": "0",
                            "source_dest_check": "true",
                            "subnet_id": "subnet-4bf1c72e",
                            "tags.%": "2",
                            "tags.Creator": "dengshuan",
                            "tags.Name": "stability-tikv-5",
                            "tenancy": "default",
                            "vpc_security_group_ids.#": "2",
                            "vpc_security_group_ids.1128573201": "sg-68e4060c",
                            "vpc_security_group_ids.3472076492": "sg-1824c67c"
                        },
                        "meta": {
                            "schema_version": "1"
                        },
                        "tainted": false
                    },
                    "deposed": [],
                    "provider": ""
                },
                "aws_instance.stability_tikv.6": {
                    "type": "aws_instance",
                    "depends_on": [
                        "aws_security_group.base",
                        "aws_security_group.tikv"
                    ],
                    "primary": {
                        "id": "i-0befed33",
                        "attributes": {
                            "ami": "ami-fd528690",
                            "associate_public_ip_address": "false",
                            "availability_zone": "cn-north-1a",
                            "disable_api_termination": "false",
                            "ebs_block_device.#": "0",
                            "ebs_optimized": "false",
                            "ephemeral_block_device.#": "0",
                            "iam_instance_profile": "",
                            "id": "i-0befed33",
                            "instance_state": "running",
                            "instance_type": "t2.micro",
                            "key_name": "pingcap-internal",
                            "monitoring": "false",
                            "network_interface_id": "eni-bcd9d3e5",
                            "private_dns": "ip-10-0-1-157.cn-north-1.compute.internal",
                            "private_ip": "10.0.1.157",
                            "public_dns": "",
                            "public_ip": "",
                            "root_block_device.#": "1",
                            "root_block_device.0.delete_on_termination": "true",
                            "root_block_device.0.iops": "100",
                            "root_block_device.0.volume_size": "8",
                            "root_block_device.0.volume_type": "gp2",
                            "security_groups.#": "0",
                            "source_dest_check": "true",
                            "subnet_id": "subnet-4bf1c72e",
                            "tags.%": "2",
                            "tags.Creator": "dengshuan",
                            "tags.Name": "stability-tikv-6",
                            "tenancy": "default",
                            "vpc_security_group_ids.#": "2",
                            "vpc_security_group_ids.1128573201": "sg-68e4060c",
                            "vpc_security_group_ids.3472076492": "sg-1824c67c"
                        },
                        "meta": {
                            "schema_version": "1"
                        },
                        "tainted": false
                    },
                    "deposed": [],
                    "provider": ""
                },
                "aws_instance.stability_tikv.7": {
                    "type": "aws_instance",
                    "depends_on": [
                        "aws_security_group.base",
                        "aws_security_group.tikv"
                    ],
                    "primary": {
                        "id": "i-09efed31",
                        "attributes": {
                            "ami": "ami-fd528690",
                            "associate_public_ip_address": "false",
                            "availability_zone": "cn-north-1a",
                            "disable_api_termination": "false",
                            "ebs_block_device.#": "0",
                            "ebs_optimized": "false",
                            "ephemeral_block_device.#": "0",
                            "iam_instance_profile": "",
                            "id": "i-09efed31",
                            "instance_state": "running",
                            "instance_type": "t2.micro",
                            "key_name": "pingcap-internal",
                            "monitoring": "false",
                            "network_interface_id": "eni-30d8d269",
                            "private_dns": "ip-10-0-1-159.cn-north-1.compute.internal",
                            "private_ip": "10.0.1.159",
                            "public_dns": "",
                            "public_ip": "",
                            "root_block_device.#": "1",
                            "root_block_device.0.delete_on_termination": "true",
                            "root_block_device.0.iops": "100",
                            "root_block_device.0.volume_size": "8",
                            "root_block_device.0.volume_type": "gp2",
                            "security_groups.#": "0",
                            "source_dest_check": "true",
                            "subnet_id": "subnet-4bf1c72e",
                            "tags.%": "2",
                            "tags.Creator": "dengshuan",
                            "tags.Name": "stability-tikv-7",
                            "tenancy": "default",
                            "vpc_security_group_ids.#": "2",
                            "vpc_security_group_ids.1128573201": "sg-68e4060c",
                            "vpc_security_group_ids.3472076492": "sg-1824c67c"
                        },
                        "meta": {
                            "schema_version": "1"
                        },
                        "tainted": false
                    },
                    "deposed": [],
                    "provider": ""
                },
                "aws_instance.stability_tikv.8": {
                    "type": "aws_instance",
                    "depends_on": [
                        "aws_security_group.base",
                        "aws_security_group.tikv"
                    ],
                    "primary": {
                        "id": "i-0defed35",
                        "attributes": {
                            "ami": "ami-fd528690",
                            "associate_public_ip_address": "false",
                            "availability_zone": "cn-north-1a",
                            "disable_api_termination": "false",
                            "ebs_block_device.#": "0",
                            "ebs_optimized": "false",
                            "ephemeral_block_device.#": "0",
                            "iam_instance_profile": "",
                            "id": "i-0defed35",
                            "instance_state": "running",
                            "instance_type": "t2.micro",
                            "key_name": "pingcap-internal",
                            "monitoring": "false",
                            "network_interface_id": "eni-46dcd61f",
                            "private_dns": "ip-10-0-1-215.cn-north-1.compute.internal",
                            "private_ip": "10.0.1.215",
                            "public_dns": "",
                            "public_ip": "",
                            "root_block_device.#": "1",
                            "root_block_device.0.delete_on_termination": "true",
                            "root_block_device.0.iops": "100",
                            "root_block_device.0.volume_size": "8",
                            "root_block_device.0.volume_type": "gp2",
                            "security_groups.#": "0",
                            "source_dest_check": "true",
                            "subnet_id": "subnet-4bf1c72e",
                            "tags.%": "2",
                            "tags.Creator": "dengshuan",
                            "tags.Name": "stability-tikv-8",
                            "tenancy": "default",
                            "vpc_security_group_ids.#": "2",
                            "vpc_security_group_ids.1128573201": "sg-68e4060c",
                            "vpc_security_group_ids.3472076492": "sg-1824c67c"
                        },
                        "meta": {
                            "schema_version": "1"
                        },
                        "tainted": false
                    },
                    "deposed": [],
                    "provider": ""
                },
                "aws_instance.stability_tikv.9": {
                    "type": "aws_instance",
                    "depends_on": [
                        "aws_security_group.base",
                        "aws_security_group.tikv"
                    ],
                    "primary": {
                        "id": "i-1beeec23",
                        "attributes": {
                            "ami": "ami-fd528690",
                            "associate_public_ip_address": "false",
                            "availability_zone": "cn-north-1a",
                            "disable_api_termination": "false",
                            "ebs_block_device.#": "0",
                            "ebs_optimized": "false",
                            "ephemeral_block_device.#": "0",
                            "iam_instance_profile": "",
                            "id": "i-1beeec23",
                            "instance_state": "running",
                            "instance_type": "t2.micro",
                            "key_name": "pingcap-internal",
                            "monitoring": "false",
                            "network_interface_id": "eni-d3dcd68a",
                            "private_dns": "ip-10-0-1-137.cn-north-1.compute.internal",
                            "private_ip": "10.0.1.137",
                            "public_dns": "",
                            "public_ip": "",
                            "root_block_device.#": "1",
                            "root_block_device.0.delete_on_termination": "true",
                            "root_block_device.0.iops": "100",
                            "root_block_device.0.volume_size": "8",
                            "root_block_device.0.volume_type": "gp2",
                            "security_groups.#": "0",
                            "source_dest_check": "true",
                            "subnet_id": "subnet-4bf1c72e",
                            "tags.%": "2",
                            "tags.Creator": "dengshuan",
                            "tags.Name": "stability-tikv-9",
                            "tenancy": "default",
                            "vpc_security_group_ids.#": "2",
                            "vpc_security_group_ids.1128573201": "sg-68e4060c",
                            "vpc_security_group_ids.3472076492": "sg-1824c67c"
                        },
                        "meta": {
                            "schema_version": "1"
                        },
                        "tainted": false
                    },
                    "deposed": [],
                    "provider": ""
                },
                "aws_security_group.base": {
                    "type": "aws_security_group",
                    "depends_on": [],
                    "primary": {
                        "id": "sg-68e4060c",
                        "attributes": {
                            "description": "self traffic and outbound",
                            "egress.#": "1",
                            "egress.482069346.cidr_blocks.#": "1",
                            "egress.482069346.cidr_blocks.0": "0.0.0.0/0",
                            "egress.482069346.from_port": "0",
                            "egress.482069346.prefix_list_ids.#": "0",
                            "egress.482069346.protocol": "-1",
                            "egress.482069346.security_groups.#": "0",
                            "egress.482069346.self": "false",
                            "egress.482069346.to_port": "0",
                            "id": "sg-68e4060c",
                            "ingress.#": "3",
                            "ingress.1960698028.cidr_blocks.#": "1",
                            "ingress.1960698028.cidr_blocks.0": "10.0.0.0/16",
                            "ingress.1960698028.from_port": "0",
                            "ingress.1960698028.protocol": "-1",
                            "ingress.1960698028.security_groups.#": "0",
                            "ingress.1960698028.self": "false",
                            "ingress.1960698028.to_port": "0",
                            "ingress.3544538468.cidr_blocks.#": "0",
                            "ingress.3544538468.from_port": "0",
                            "ingress.3544538468.protocol": "tcp",
                            "ingress.3544538468.security_groups.#": "0",
                            "ingress.3544538468.self": "true",
                            "ingress.3544538468.to_port": "65535",
                            "ingress.931551850.cidr_blocks.#": "1",
                            "ingress.931551850.cidr_blocks.0": "10.0.0.0/16",
                            "ingress.931551850.from_port": "22",
                            "ingress.931551850.protocol": "tcp",
                            "ingress.931551850.security_groups.#": "0",
                            "ingress.931551850.self": "false",
                            "ingress.931551850.to_port": "22",
                            "name": "pingcap_base20161205132622333169406bej",
                            "name_prefix": "pingcap_base",
                            "owner_id": "350982700484",
                            "tags.%": "0",
                            "vpc_id": "vpc-83b54ee7"
                        },
                        "meta": {},
                        "tainted": false
                    },
                    "deposed": [],
                    "provider": ""
                },
                "aws_security_group.binlog": {
                    "type": "aws_security_group",
                    "depends_on": [],
                    "primary": {
                        "id": "sg-5a2ecc3e",
                        "attributes": {
                            "description": "binlog traffic",
                            "egress.#": "0",
                            "id": "sg-5a2ecc3e",
                            "ingress.#": "1",
                            "ingress.1590357338.cidr_blocks.#": "1",
                            "ingress.1590357338.cidr_blocks.0": "10.0.0.0/16",
                            "ingress.1590357338.from_port": "8249",
                            "ingress.1590357338.protocol": "tcp",
                            "ingress.1590357338.security_groups.#": "0",
                            "ingress.1590357338.self": "false",
                            "ingress.1590357338.to_port": "8250",
                            "name": "pingcap_binlog201612060610184727435573kv",
                            "name_prefix": "pingcap_binlog",
                            "owner_id": "350982700484",
                            "tags.%": "0",
                            "vpc_id": "vpc-83b54ee7"
                        },
                        "meta": {},
                        "tainted": false
                    },
                    "deposed": [],
                    "provider": ""
                },
                "aws_security_group.grafana": {
                    "type": "aws_security_group",
                    "depends_on": [],
                    "primary": {
                        "id": "sg-d4e406b0",
                        "attributes": {
                            "description": "grafana traffic",
                            "egress.#": "0",
                            "id": "sg-d4e406b0",
                            "ingress.#": "1",
                            "ingress.1866267238.cidr_blocks.#": "1",
                            "ingress.1866267238.cidr_blocks.0": "10.0.0.0/16",
                            "ingress.1866267238.from_port": "3000",
                            "ingress.1866267238.protocol": "tcp",
                            "ingress.1866267238.security_groups.#": "0",
                            "ingress.1866267238.self": "false",
                            "ingress.1866267238.to_port": "3000",
                            "name": "pingcap_grafana20161205133410707652604die",
                            "name_prefix": "pingcap_grafana",
                            "owner_id": "350982700484",
                            "tags.%": "0",
                            "vpc_id": "vpc-83b54ee7"
                        },
                        "meta": {},
                        "tainted": false
                    },
                    "deposed": [],
                    "provider": ""
                },
                "aws_security_group.nginx": {
                    "type": "aws_security_group",
                    "depends_on": [],
                    "primary": {
                        "id": "sg-69e4060d",
                        "attributes": {
                            "description": "Main site nginx traffic",
                            "egress.#": "0",
                            "id": "sg-69e4060d",
                            "ingress.#": "5",
                            "ingress.2214680975.cidr_blocks.#": "1",
                            "ingress.2214680975.cidr_blocks.0": "0.0.0.0/0",
                            "ingress.2214680975.from_port": "80",
                            "ingress.2214680975.protocol": "tcp",
                            "ingress.2214680975.security_groups.#": "0",
                            "ingress.2214680975.self": "false",
                            "ingress.2214680975.to_port": "80",
                            "ingress.2533740823.cidr_blocks.#": "1",
                            "ingress.2533740823.cidr_blocks.0": "0.0.0.0/0",
                            "ingress.2533740823.from_port": "9093",
                            "ingress.2533740823.protocol": "tcp",
                            "ingress.2533740823.security_groups.#": "0",
                            "ingress.2533740823.self": "false",
                            "ingress.2533740823.to_port": "9093",
                            "ingress.2617001939.cidr_blocks.#": "1",
                            "ingress.2617001939.cidr_blocks.0": "0.0.0.0/0",
                            "ingress.2617001939.from_port": "443",
                            "ingress.2617001939.protocol": "tcp",
                            "ingress.2617001939.security_groups.#": "0",
                            "ingress.2617001939.self": "false",
                            "ingress.2617001939.to_port": "443",
                            "ingress.3068409405.cidr_blocks.#": "1",
                            "ingress.3068409405.cidr_blocks.0": "0.0.0.0/0",
                            "ingress.3068409405.from_port": "8",
                            "ingress.3068409405.protocol": "icmp",
                            "ingress.3068409405.security_groups.#": "0",
                            "ingress.3068409405.self": "false",
                            "ingress.3068409405.to_port": "0",
                            "ingress.332570261.cidr_blocks.#": "1",
                            "ingress.332570261.cidr_blocks.0": "0.0.0.0/0",
                            "ingress.332570261.from_port": "8000",
                            "ingress.332570261.protocol": "tcp",
                            "ingress.332570261.security_groups.#": "0",
                            "ingress.332570261.self": "false",
                            "ingress.332570261.to_port": "8000",
                            "name": "pingcap_nginx20161205132622834640034fwo",
                            "name_prefix": "pingcap_nginx",
                            "owner_id": "350982700484",
                            "tags.%": "0",
                            "vpc_id": "vpc-83b54ee7"
                        },
                        "meta": {},
                        "tainted": false
                    },
                    "deposed": [],
                    "provider": ""
                },
                "aws_security_group.pd": {
                    "type": "aws_security_group",
                    "depends_on": [],
                    "primary": {
                        "id": "sg-1924c67d",
                        "attributes": {
                            "description": "pd traffic",
                            "egress.#": "0",
                            "id": "sg-1924c67d",
                            "ingress.#": "1",
                            "ingress.1172772367.cidr_blocks.#": "1",
                            "ingress.1172772367.cidr_blocks.0": "10.0.0.0/16",
                            "ingress.1172772367.from_port": "2379",
                            "ingress.1172772367.protocol": "tcp",
                            "ingress.1172772367.security_groups.#": "0",
                            "ingress.1172772367.self": "false",
                            "ingress.1172772367.to_port": "2380",
                            "name": "pingcap_pd20161206045524759113310ky3",
                            "name_prefix": "pingcap_pd",
                            "owner_id": "350982700484",
                            "tags.%": "0",
                            "vpc_id": "vpc-83b54ee7"
                        },
                        "meta": {},
                        "tainted": false
                    },
                    "deposed": [],
                    "provider": ""
                },
                "aws_security_group.prometheus": {
                    "type": "aws_security_group",
                    "depends_on": [],
                    "primary": {
                        "id": "sg-cbe406af",
                        "attributes": {
                            "description": "prometheus traffic",
                            "egress.#": "0",
                            "id": "sg-cbe406af",
                            "ingress.#": "1",
                            "ingress.2130670775.cidr_blocks.#": "1",
                            "ingress.2130670775.cidr_blocks.0": "10.0.0.0/16",
                            "ingress.2130670775.from_port": "9090",
                            "ingress.2130670775.protocol": "tcp",
                            "ingress.2130670775.security_groups.#": "0",
                            "ingress.2130670775.self": "false",
                            "ingress.2130670775.to_port": "9093",
                            "name": "pingcap_prometheus20161205133410624820197tuk",
                            "name_prefix": "pingcap_prometheus",
                            "owner_id": "350982700484",
                            "tags.%": "0",
                            "vpc_id": "vpc-83b54ee7"
                        },
                        "meta": {},
                        "tainted": false
                    },
                    "deposed": [],
                    "provider": ""
                },
                "aws_security_group.proxy": {
                    "type": "aws_security_group",
                    "depends_on": [],
                    "primary": {
                        "id": "sg-b89c73dc",
                        "attributes": {
                            "description": "proxy traffic",
                            "egress.#": "0",
                            "id": "sg-b89c73dc",
                            "ingress.#": "2",
                            "ingress.2514586566.cidr_blocks.#": "1",
                            "ingress.2514586566.cidr_blocks.0": "0.0.0.0/0",
                            "ingress.2514586566.from_port": "8123",
                            "ingress.2514586566.protocol": "tcp",
                            "ingress.2514586566.security_groups.#": "0",
                            "ingress.2514586566.self": "false",
                            "ingress.2514586566.to_port": "8123",
                            "ingress.2667885678.cidr_blocks.#": "1",
                            "ingress.2667885678.cidr_blocks.0": "0.0.0.0/0",
                            "ingress.2667885678.from_port": "1111",
                            "ingress.2667885678.protocol": "tcp",
                            "ingress.2667885678.security_groups.#": "0",
                            "ingress.2667885678.self": "false",
                            "ingress.2667885678.to_port": "1111",
                            "name": "pingcap_proxy20161213115252046846167h5j",
                            "name_prefix": "pingcap_proxy",
                            "owner_id": "350982700484",
                            "tags.%": "0",
                            "vpc_id": "vpc-83b54ee7"
                        },
                        "meta": {},
                        "tainted": false
                    },
                    "deposed": [],
                    "provider": ""
                },
                "aws_security_group.tidb": {
                    "type": "aws_security_group",
                    "depends_on": [],
                    "primary": {
                        "id": "sg-1f24c67b",
                        "attributes": {
                            "description": "tidb traffic",
                            "egress.#": "0",
                            "id": "sg-1f24c67b",
                            "ingress.#": "1",
                            "ingress.92057205.cidr_blocks.#": "1",
                            "ingress.92057205.cidr_blocks.0": "10.0.0.0/16",
                            "ingress.92057205.from_port": "4000",
                            "ingress.92057205.protocol": "tcp",
                            "ingress.92057205.security_groups.#": "0",
                            "ingress.92057205.self": "false",
                            "ingress.92057205.to_port": "4000",
                            "name": "pingcap_tidb20161206045524751407735u7u",
                            "name_prefix": "pingcap_tidb",
                            "owner_id": "350982700484",
                            "tags.%": "0",
                            "vpc_id": "vpc-83b54ee7"
                        },
                        "meta": {},
                        "tainted": false
                    },
                    "deposed": [],
                    "provider": ""
                },
                "aws_security_group.tikv": {
                    "type": "aws_security_group",
                    "depends_on": [],
                    "primary": {
                        "id": "sg-1824c67c",
                        "attributes": {
                            "description": "tikv traffic",
                            "egress.#": "0",
                            "id": "sg-1824c67c",
                            "ingress.#": "1",
                            "ingress.2398546119.cidr_blocks.#": "1",
                            "ingress.2398546119.cidr_blocks.0": "10.0.0.0/16",
                            "ingress.2398546119.from_port": "20160",
                            "ingress.2398546119.protocol": "tcp",
                            "ingress.2398546119.security_groups.#": "0",
                            "ingress.2398546119.self": "false",
                            "ingress.2398546119.to_port": "20160",
                            "name": "pingcap_tikv20161206045524755182426lpf",
                            "name_prefix": "pingcap_tikv",
                            "owner_id": "350982700484",
                            "tags.%": "0",
                            "vpc_id": "vpc-83b54ee7"
                        },
                        "meta": {},
                        "tainted": false
                    },
                    "deposed": [],
                    "provider": ""
                }
            },
            "depends_on": []
        }
    ]
}
